// !$*UTF8*$!
{
	archiveVersion = 1;
	classes = {
	};
	objectVersion = 56;
	objects = {

/* Begin PBXBuildFile section */
		6002A56C2C2B8D6400E7E1FC /* MotionCircleView.swift in Sources */ = {isa = PBXBuildFile; fileRef = 6002A56B2C2B8D6400E7E1FC /* MotionCircleView.swift */; };
		6059C0F72C0A94C400B3690A /* CoreMotionTesterApp.swift in Sources */ = {isa = PBXBuildFile; fileRef = 6059C0F62C0A94C400B3690A /* CoreMotionTesterApp.swift */; };
		6059C0F92C0A94C400B3690A /* ContentView.swift in Sources */ = {isa = PBXBuildFile; fileRef = 6059C0F82C0A94C400B3690A /* ContentView.swift */; };
		6059C0FB2C0A94C800B3690A /* Assets.xcassets in Resources */ = {isa = PBXBuildFile; fileRef = 6059C0FA2C0A94C800B3690A /* Assets.xcassets */; };
		6059C0FE2C0A94C800B3690A /* Preview Assets.xcassets in Resources */ = {isa = PBXBuildFile; fileRef = 6059C0FD2C0A94C800B3690A /* Preview Assets.xcassets */; };
		60DBD5092C34C84E003B70C4 /* WorkoutManager.swift in Sources */ = {isa = PBXBuildFile; fileRef = 60DBD5082C34C84E003B70C4 /* WorkoutManager.swift */; };
		60DBD50B2C34C874003B70C4 /* StartView.swift in Sources */ = {isa = PBXBuildFile; fileRef = 60DBD50A2C34C873003B70C4 /* StartView.swift */; };
		60DBD50D2C34C923003B70C4 /* WorkoutSessionView.swift in Sources */ = {isa = PBXBuildFile; fileRef = 60DBD50C2C34C923003B70C4 /* WorkoutSessionView.swift */; };
		60DBD50F2C34C9AC003B70C4 /* MetricsView.swift in Sources */ = {isa = PBXBuildFile; fileRef = 60DBD50E2C34C9AC003B70C4 /* MetricsView.swift */; };
		60DBD5112C35021D003B70C4 /* ElapsedTimeView.swift in Sources */ = {isa = PBXBuildFile; fileRef = 60DBD5102C35021D003B70C4 /* ElapsedTimeView.swift */; };
/* End PBXBuildFile section */

/* Begin PBXFileReference section */
		6002A56B2C2B8D6400E7E1FC /* MotionCircleView.swift */ = {isa = PBXFileReference; lastKnownFileType = sourcecode.swift; path = MotionCircleView.swift; sourceTree = "<group>"; };
		6059C0F32C0A94C400B3690A /* CoreMotionTester Watch App.app */ = {isa = PBXFileReference; explicitFileType = wrapper.application; includeInIndex = 0; path = "CoreMotionTester Watch App.app"; sourceTree = BUILT_PRODUCTS_DIR; };
		6059C0F62C0A94C400B3690A /* CoreMotionTesterApp.swift */ = {isa = PBXFileReference; lastKnownFileType = sourcecode.swift; path = CoreMotionTesterApp.swift; sourceTree = "<group>"; };
		6059C0F82C0A94C400B3690A /* ContentView.swift */ = {isa = PBXFileReference; lastKnownFileType = sourcecode.swift; path = ContentView.swift; sourceTree = "<group>"; };
		6059C0FA2C0A94C800B3690A /* Assets.xcassets */ = {isa = PBXFileReference; lastKnownFileType = folder.assetcatalog; path = Assets.xcassets; sourceTree = "<group>"; };
		6059C0FD2C0A94C800B3690A /* Preview Assets.xcassets */ = {isa = PBXFileReference; lastKnownFileType = folder.assetcatalog; path = "Preview Assets.xcassets"; sourceTree = "<group>"; };
		60DBD5082C34C84E003B70C4 /* WorkoutManager.swift */ = {isa = PBXFileReference; lastKnownFileType = sourcecode.swift; path = WorkoutManager.swift; sourceTree = "<group>"; };
		60DBD50A2C34C873003B70C4 /* StartView.swift */ = {isa = PBXFileReference; lastKnownFileType = sourcecode.swift; path = StartView.swift; sourceTree = "<group>"; };
		60DBD50C2C34C923003B70C4 /* WorkoutSessionView.swift */ = {isa = PBXFileReference; lastKnownFileType = sourcecode.swift; path = WorkoutSessionView.swift; sourceTree = "<group>"; };
		60DBD50E2C34C9AC003B70C4 /* MetricsView.swift */ = {isa = PBXFileReference; lastKnownFileType = sourcecode.swift; path = MetricsView.swift; sourceTree = "<group>"; };
		60DBD5102C35021D003B70C4 /* ElapsedTimeView.swift */ = {isa = PBXFileReference; lastKnownFileType = sourcecode.swift; path = ElapsedTimeView.swift; sourceTree = "<group>"; };
		60DBD5122C350673003B70C4 /* CoreMotionTester Watch App.entitlements */ = {isa = PBXFileReference; lastKnownFileType = text.plist.entitlements; path = "CoreMotionTester Watch App.entitlements"; sourceTree = "<group>"; };
/* End PBXFileReference section */

/* Begin PBXFrameworksBuildPhase section */
		6059C0F02C0A94C400B3690A /* Frameworks */ = {
			isa = PBXFrameworksBuildPhase;
			buildActionMask = 2147483647;
			files = (
			);
			runOnlyForDeploymentPostprocessing = 0;
		};
/* End PBXFrameworksBuildPhase section */

/* Begin PBXGroup section */
		6002A56A2C2B8D4E00E7E1FC /* Views */ = {
			isa = PBXGroup;
			children = (
				6002A56B2C2B8D6400E7E1FC /* MotionCircleView.swift */,
				60DBD50A2C34C873003B70C4 /* StartView.swift */,
				60DBD50C2C34C923003B70C4 /* WorkoutSessionView.swift */,
				60DBD50E2C34C9AC003B70C4 /* MetricsView.swift */,
				60DBD5102C35021D003B70C4 /* ElapsedTimeView.swift */,
			);
			path = Views;
			sourceTree = "<group>";
		};
		6059C0EA2C0A94C300B3690A = {
			isa = PBXGroup;
			children = (
				6059C0F52C0A94C400B3690A /* CoreMotionTester Watch App */,
				6059C0F42C0A94C400B3690A /* Products */,
			);
			sourceTree = "<group>";
		};
		6059C0F42C0A94C400B3690A /* Products */ = {
			isa = PBXGroup;
			children = (
				6059C0F32C0A94C400B3690A /* CoreMotionTester Watch App.app */,
			);
			name = Products;
			sourceTree = "<group>";
		};
		6059C0F52C0A94C400B3690A /* CoreMotionTester Watch App */ = {
			isa = PBXGroup;
			children = (
				60DBD5122C350673003B70C4 /* CoreMotionTester Watch App.entitlements */,
				60DBD5072C34C834003B70C4 /* Workout */,
				6002A56A2C2B8D4E00E7E1FC /* Views */,
				6059C0F62C0A94C400B3690A /* CoreMotionTesterApp.swift */,
				6059C0F82C0A94C400B3690A /* ContentView.swift */,
				6059C0FA2C0A94C800B3690A /* Assets.xcassets */,
				6059C0FC2C0A94C800B3690A /* Preview Content */,
			);
			path = "CoreMotionTester Watch App";
			sourceTree = "<group>";
		};
		6059C0FC2C0A94C800B3690A /* Preview Content */ = {
			isa = PBXGroup;
			children = (
				6059C0FD2C0A94C800B3690A /* Preview Assets.xcassets */,
			);
			path = "Preview Content";
			sourceTree = "<group>";
		};
		60DBD5072C34C834003B70C4 /* Workout */ = {
			isa = PBXGroup;
			children = (
				60DBD5082C34C84E003B70C4 /* WorkoutManager.swift */,
			);
			path = Workout;
			sourceTree = "<group>";
		};
/* End PBXGroup section */

/* Begin PBXNativeTarget section */
		6059C0F22C0A94C400B3690A /* CoreMotionTester Watch App */ = {
			isa = PBXNativeTarget;
			buildConfigurationList = 6059C1012C0A94C800B3690A /* Build configuration list for PBXNativeTarget "CoreMotionTester Watch App" */;
			buildPhases = (
				6059C0EF2C0A94C400B3690A /* Sources */,
				6059C0F02C0A94C400B3690A /* Frameworks */,
				6059C0F12C0A94C400B3690A /* Resources */,
			);
			buildRules = (
			);
			dependencies = (
			);
			name = "CoreMotionTester Watch App";
			productName = "CoreMotionTester Watch App";
			productReference = 6059C0F32C0A94C400B3690A /* CoreMotionTester Watch App.app */;
			productType = "com.apple.product-type.application";
		};
/* End PBXNativeTarget section */

/* Begin PBXProject section */
		6059C0EB2C0A94C300B3690A /* Project object */ = {
			isa = PBXProject;
			attributes = {
				BuildIndependentTargetsInParallel = 1;
				LastSwiftUpdateCheck = 1540;
				LastUpgradeCheck = 1540;
				TargetAttributes = {
					6059C0F22C0A94C400B3690A = {
						CreatedOnToolsVersion = 15.4;
					};
				};
			};
			buildConfigurationList = 6059C0EE2C0A94C300B3690A /* Build configuration list for PBXProject "CoreMotionTester" */;
			compatibilityVersion = "Xcode 14.0";
			developmentRegion = en;
			hasScannedForEncodings = 0;
			knownRegions = (
				en,
				Base,
			);
			mainGroup = 6059C0EA2C0A94C300B3690A;
			productRefGroup = 6059C0F42C0A94C400B3690A /* Products */;
			projectDirPath = "";
			projectRoot = "";
			targets = (
				6059C0F22C0A94C400B3690A /* CoreMotionTester Watch App */,
			);
		};
/* End PBXProject section */

/* Begin PBXResourcesBuildPhase section */
		6059C0F12C0A94C400B3690A /* Resources */ = {
			isa = PBXResourcesBuildPhase;
			buildActionMask = 2147483647;
			files = (
				6059C0FE2C0A94C800B3690A /* Preview Assets.xcassets in Resources */,
				6059C0FB2C0A94C800B3690A /* Assets.xcassets in Resources */,
			);
			runOnlyForDeploymentPostprocessing = 0;
		};
/* End PBXResourcesBuildPhase section */

/* Begin PBXSourcesBuildPhase section */
		6059C0EF2C0A94C400B3690A /* Sources */ = {
			isa = PBXSourcesBuildPhase;
			buildActionMask = 2147483647;
			files = (
				60DBD5112C35021D003B70C4 /* ElapsedTimeView.swift in Sources */,
				6002A56C2C2B8D6400E7E1FC /* MotionCircleView.swift in Sources */,
				60DBD50F2C34C9AC003B70C4 /* MetricsView.swift in Sources */,
				60DBD50B2C34C874003B70C4 /* StartView.swift in Sources */,
				60DBD5092C34C84E003B70C4 /* WorkoutManager.swift in Sources */,
				60DBD50D2C34C923003B70C4 /* WorkoutSessionView.swift in Sources */,
				6059C0F92C0A94C400B3690A /* ContentView.swift in Sources */,
				6059C0F72C0A94C400B3690A /* CoreMotionTesterApp.swift in Sources */,
			);
			runOnlyForDeploymentPostprocessing = 0;
		};
/* End PBXSourcesBuildPhase section */

/* Begin XCBuildConfiguration section */
		6059C0FF2C0A94C800B3690A /* Debug */ = {
			isa = XCBuildConfiguration;
			buildSettings = {
				ALWAYS_SEARCH_USER_PATHS = NO;
				ASSETCATALOG_COMPILER_GENERATE_SWIFT_ASSET_SYMBOL_EXTENSIONS = YES;
				CLANG_ANALYZER_NONNULL = YES;
				CLANG_ANALYZER_NUMBER_OBJECT_CONVERSION = YES_AGGRESSIVE;
				CLANG_CXX_LANGUAGE_STANDARD = "gnu++20";
				CLANG_ENABLE_MODULES = YES;
				CLANG_ENABLE_OBJC_ARC = YES;
				CLANG_ENABLE_OBJC_WEAK = YES;
				CLANG_WARN_BLOCK_CAPTURE_AUTORELEASING = YES;
				CLANG_WARN_BOOL_CONVERSION = YES;
				CLANG_WARN_COMMA = YES;
				CLANG_WARN_CONSTANT_CONVERSION = YES;
				CLANG_WARN_DEPRECATED_OBJC_IMPLEMENTATIONS = YES;
				CLANG_WARN_DIRECT_OBJC_ISA_USAGE = YES_ERROR;
				CLANG_WARN_DOCUMENTATION_COMMENTS = YES;
				CLANG_WARN_EMPTY_BODY = YES;
				CLANG_WARN_ENUM_CONVERSION = YES;
				CLANG_WARN_INFINITE_RECURSION = YES;
				CLANG_WARN_INT_CONVERSION = YES;
				CLANG_WARN_NON_LITERAL_NULL_CONVERSION = YES;
				CLANG_WARN_OBJC_IMPLICIT_RETAIN_SELF = YES;
				CLANG_WARN_OBJC_LITERAL_CONVERSION = YES;
				CLANG_WARN_OBJC_ROOT_CLASS = YES_ERROR;
				CLANG_WARN_QUOTED_INCLUDE_IN_FRAMEWORK_HEADER = YES;
				CLANG_WARN_RANGE_LOOP_ANALYSIS = YES;
				CLANG_WARN_STRICT_PROTOTYPES = YES;
				CLANG_WARN_SUSPICIOUS_MOVE = YES;
				CLANG_WARN_UNGUARDED_AVAILABILITY = YES_AGGRESSIVE;
				CLANG_WARN_UNREACHABLE_CODE = YES;
				CLANG_WARN__DUPLICATE_METHOD_MATCH = YES;
				COPY_PHASE_STRIP = NO;
				DEBUG_INFORMATION_FORMAT = dwarf;
				ENABLE_STRICT_OBJC_MSGSEND = YES;
				ENABLE_TESTABILITY = YES;
				ENABLE_USER_SCRIPT_SANDBOXING = YES;
				GCC_C_LANGUAGE_STANDARD = gnu17;
				GCC_DYNAMIC_NO_PIC = NO;
				GCC_NO_COMMON_BLOCKS = YES;
				GCC_OPTIMIZATION_LEVEL = 0;
				GCC_PREPROCESSOR_DEFINITIONS = (
					"DEBUG=1",
					"$(inherited)",
				);
				GCC_WARN_64_TO_32_BIT_CONVERSION = YES;
				GCC_WARN_ABOUT_RETURN_TYPE = YES_ERROR;
				GCC_WARN_UNDECLARED_SELECTOR = YES;
				GCC_WARN_UNINITIALIZED_AUTOS = YES_AGGRESSIVE;
				GCC_WARN_UNUSED_FUNCTION = YES;
				GCC_WARN_UNUSED_VARIABLE = YES;
				LOCALIZATION_PREFERS_STRING_CATALOGS = YES;
				MTL_ENABLE_DEBUG_INFO = INCLUDE_SOURCE;
				MTL_FAST_MATH = YES;
				ONLY_ACTIVE_ARCH = YES;
				SWIFT_ACTIVE_COMPILATION_CONDITIONS = "DEBUG $(inherited)";
				SWIFT_OPTIMIZATION_LEVEL = "-Onone";
			};
			name = Debug;
		};
		6059C1002C0A94C800B3690A /* Release */ = {
			isa = XCBuildConfiguration;
			buildSettings = {
				ALWAYS_SEARCH_USER_PATHS = NO;
				ASSETCATALOG_COMPILER_GENERATE_SWIFT_ASSET_SYMBOL_EXTENSIONS = YES;
				CLANG_ANALYZER_NONNULL = YES;
				CLANG_ANALYZER_NUMBER_OBJECT_CONVERSION = YES_AGGRESSIVE;
				CLANG_CXX_LANGUAGE_STANDARD = "gnu++20";
				CLANG_ENABLE_MODULES = YES;
				CLANG_ENABLE_OBJC_ARC = YES;
				CLANG_ENABLE_OBJC_WEAK = YES;
				CLANG_WARN_BLOCK_CAPTURE_AUTORELEASING = YES;
				CLANG_WARN_BOOL_CONVERSION = YES;
				CLANG_WARN_COMMA = YES;
				CLANG_WARN_CONSTANT_CONVERSION = YES;
				CLANG_WARN_DEPRECATED_OBJC_IMPLEMENTATIONS = YES;
				CLANG_WARN_DIRECT_OBJC_ISA_USAGE = YES_ERROR;
				CLANG_WARN_DOCUMENTATION_COMMENTS = YES;
				CLANG_WARN_EMPTY_BODY = YES;
				CLANG_WARN_ENUM_CONVERSION = YES;
				CLANG_WARN_INFINITE_RECURSION = YES;
				CLANG_WARN_INT_CONVERSION = YES;
				CLANG_WARN_NON_LITERAL_NULL_CONVERSION = YES;
				CLANG_WARN_OBJC_IMPLICIT_RETAIN_SELF = YES;
				CLANG_WARN_OBJC_LITERAL_CONVERSION = YES;
				CLANG_WARN_OBJC_ROOT_CLASS = YES_ERROR;
				CLANG_WARN_QUOTED_INCLUDE_IN_FRAMEWORK_HEADER = YES;
				CLANG_WARN_RANGE_LOOP_ANALYSIS = YES;
				CLANG_WARN_STRICT_PROTOTYPES = YES;
				CLANG_WARN_SUSPICIOUS_MOVE = YES;
				CLANG_WARN_UNGUARDED_AVAILABILITY = YES_AGGRESSIVE;
				CLANG_WARN_UNREACHABLE_CODE = YES;
				CLANG_WARN__DUPLICATE_METHOD_MATCH = YES;
				COPY_PHASE_STRIP = NO;
				DEBUG_INFORMATION_FORMAT = "dwarf-with-dsym";
				ENABLE_NS_ASSERTIONS = NO;
				ENABLE_STRICT_OBJC_MSGSEND = YES;
				ENABLE_USER_SCRIPT_SANDBOXING = YES;
				GCC_C_LANGUAGE_STANDARD = gnu17;
				GCC_NO_COMMON_BLOCKS = YES;
				GCC_WARN_64_TO_32_BIT_CONVERSION = YES;
				GCC_WARN_ABOUT_RETURN_TYPE = YES_ERROR;
				GCC_WARN_UNDECLARED_SELECTOR = YES;
				GCC_WARN_UNINITIALIZED_AUTOS = YES_AGGRESSIVE;
				GCC_WARN_UNUSED_FUNCTION = YES;
				GCC_WARN_UNUSED_VARIABLE = YES;
				LOCALIZATION_PREFERS_STRING_CATALOGS = YES;
				MTL_ENABLE_DEBUG_INFO = NO;
				MTL_FAST_MATH = YES;
				SWIFT_COMPILATION_MODE = wholemodule;
			};
			name = Release;
		};
		6059C1022C0A94C800B3690A /* Debug */ = {
			isa = XCBuildConfiguration;
			buildSettings = {
				ASSETCATALOG_COMPILER_APPICON_NAME = AppIcon;
				ASSETCATALOG_COMPILER_GLOBAL_ACCENT_COLOR_NAME = AccentColor;
				CODE_SIGN_ENTITLEMENTS = "CoreMotionTester Watch App/CoreMotionTester Watch App.entitlements";
				CODE_SIGN_STYLE = Automatic;
				CURRENT_PROJECT_VERSION = 1;
				DEVELOPMENT_ASSET_PATHS = "\"CoreMotionTester Watch App/Preview Content\"";
				DEVELOPMENT_TEAM = F8PJTY7V22;
				ENABLE_PREVIEWS = YES;
				GENERATE_INFOPLIST_FILE = YES;
				INFOPLIST_KEY_CFBundleDisplayName = CoreMotionTester;
				INFOPLIST_KEY_NSHealthShareUsageDescription = "This app currently does not actually save your workout data, it is only for testing";
				INFOPLIST_KEY_NSHealthUpdateUsageDescription = "This app will use workout data for testing to ensure my coremotion code will work in the workout state";
				INFOPLIST_KEY_UISupportedInterfaceOrientations = "UIInterfaceOrientationPortrait UIInterfaceOrientationPortraitUpsideDown";
				INFOPLIST_KEY_WKCompanionAppBundleIdentifier = "";
				LD_RUNPATH_SEARCH_PATHS = (
					"$(inherited)",
					"@executable_path/Frameworks",
				);
				MARKETING_VERSION = 1.0;
				PRODUCT_BUNDLE_IDENTIFIER = .dylans;
				PRODUCT_NAME = "$(TARGET_NAME)";
				SDKROOT = watchos;
				SKIP_INSTALL = YES;
				SWIFT_EMIT_LOC_STRINGS = YES;
				SWIFT_VERSION = 5.0;
				TARGETED_DEVICE_FAMILY = 4;
				WATCHOS_DEPLOYMENT_TARGET = 10.5;
			};
			name = Debug;
		};
		6059C1032C0A94C800B3690A /* Release */ = {
			isa = XCBuildConfiguration;
			buildSettings = {
				ASSETCATALOG_COMPILER_APPICON_NAME = AppIcon;
				ASSETCATALOG_COMPILER_GLOBAL_ACCENT_COLOR_NAME = AccentColor;
				CODE_SIGN_ENTITLEMENTS = "CoreMotionTester Watch App/CoreMotionTester Watch App.entitlements";
				CODE_SIGN_STYLE = Automatic;
				CURRENT_PROJECT_VERSION = 1;
				DEVELOPMENT_ASSET_PATHS = "\"CoreMotionTester Watch App/Preview Content\"";
				DEVELOPMENT_TEAM = F8PJTY7V22;
				ENABLE_PREVIEWS = YES;
				GENERATE_INFOPLIST_FILE = YES;
				INFOPLIST_KEY_CFBundleDisplayName = CoreMotionTester;
				INFOPLIST_KEY_NSHealthShareUsageDescription = "This app currently does not actually save your workout data, it is only for testing";
				INFOPLIST_KEY_NSHealthUpdateUsageDescription = "This app will use workout data for testing to ensure my coremotion code will work in the workout state";
				INFOPLIST_KEY_UISupportedInterfaceOrientations = "UIInterfaceOrientationPortrait UIInterfaceOrientationPortraitUpsideDown";
				INFOPLIST_KEY_WKCompanionAppBundleIdentifier = "";
				LD_RUNPATH_SEARCH_PATHS = (
					"$(inherited)",
					"@executable_path/Frameworks",
				);
				MARKETING_VERSION = 1.0;
				PRODUCT_BUNDLE_IDENTIFIER = .dylans;
				PRODUCT_NAME = "$(TARGET_NAME)";
				SDKROOT = watchos;
				SKIP_INSTALL = YES;
				SWIFT_EMIT_LOC_STRINGS = YES;
				SWIFT_VERSION = 5.0;
				TARGETED_DEVICE_FAMILY = 4;
				VALIDATE_PRODUCT = YES;
				WATCHOS_DEPLOYMENT_TARGET = 10.5;
			};
			name = Release;
		};
/* End XCBuildConfiguration section */

/* Begin XCConfigurationList section */
		6059C0EE2C0A94C300B3690A /* Build configuration list for PBXProject "CoreMotionTester" */ = {
			isa = XCConfigurationList;
			buildConfigurations = (
				6059C0FF2C0A94C800B3690A /* Debug */,
				6059C1002C0A94C800B3690A /* Release */,
			);
			defaultConfigurationIsVisible = 0;
			defaultConfigurationName = Release;
		};
		6059C1012C0A94C800B3690A /* Build configuration list for PBXNativeTarget "CoreMotionTester Watch App" */ = {
			isa = XCConfigurationList;
			buildConfigurations = (
				6059C1022C0A94C800B3690A /* Debug */,
				6059C1032C0A94C800B3690A /* Release */,
			);
			defaultConfigurationIsVisible = 0;
			defaultConfigurationName = Release;
		};
/* End XCConfigurationList section */
	};
	rootObject = 6059C0EB2C0A94C300B3690A /* Project object */;
}
